{
  "version": "5",
  "specifiers": {
    "jsr:@openai/openai@5.9.0": "5.9.0",
    "npm:@anthropic-ai/sdk@0.53": "0.53.0",
    "npm:@discordeno/bot@21.0.0": "21.0.0",
    "npm:@types/node@*": "22.15.15"
  },
  "jsr": {
    "@openai/openai@5.9.0": {
      "integrity": "88fddee6b660fbfa415e0896484de032cac1768c35eeb4e7330323086256c4d6"
    }
  },
  "npm": {
    "@anthropic-ai/sdk@0.53.0": {
      "integrity": "sha512-bl2frVo0cgHCXTzQEIHXPH329uQXC4YKBaLBkZmUc59tNiR3GgcGpBZU7mwfyv5tPuU/yT7tGHyoe5AnjN02QA==",
      "bin": true
    },
    "@discordeno/bot@21.0.0": {
      "integrity": "sha512-x6EcVHBvWIhjY5/lcwgZzzCiqdpKFZqu2qUaZqKb7RYS8L8Q8zY40hCnbToVehLB8+BGcnHzxCeEvWWg8tnT/g==",
      "dependencies": [
        "@discordeno/gateway",
        "@discordeno/rest",
        "@discordeno/types",
        "@discordeno/utils"
      ]
    },
    "@discordeno/gateway@21.0.0": {
      "integrity": "sha512-ur5Hatd1x86PPI4UnXKghAWat3vS90NvLJcpOSu1B1gYSENRZow8dohZ8Ov58SXWq5nZVuBYDJNCR248pWJvrg==",
      "dependencies": [
        "@discordeno/types",
        "@discordeno/utils",
        "ws"
      ],
      "optionalDependencies": [
        "fzstd"
      ]
    },
    "@discordeno/rest@21.0.0": {
      "integrity": "sha512-ew5ddhUd7Qyv/GSzCy42bEmRv0yr2PspCMsLD/NeMiTLd3+OrVN5pAxBN9z+9JpS/daiiD/PVmvuUAVx/nXTEw==",
      "dependencies": [
        "@discordeno/types",
        "@discordeno/utils"
      ]
    },
    "@discordeno/types@21.0.0": {
      "integrity": "sha512-TUZAEqqlXRNQji+NCaQo8DruzI8rXbBvMaZYsZvN9f03PrdSddzMOy3cjs4eeL6ZMVocmMVRIaVnB713blylCw=="
    },
    "@discordeno/utils@21.0.0": {
      "integrity": "sha512-I7I3Szlk+LkT/CRmJJiLPsjuBUjbuXUCvOzsgWCltkxDMIGmQeNoQtFK7t89V1Gcc4icsrnHVMho1BcaAITijg==",
      "dependencies": [
        "@discordeno/types"
      ]
    },
    "@types/node@22.15.15": {
      "integrity": "sha512-R5muMcZob3/Jjchn5LcO8jdKwSCbzqmPB6ruBxMcf9kbxtniZHP327s6C37iOfuw8mbKK3cAQa7sEl7afLrQ8A==",
      "dependencies": [
        "undici-types"
      ]
    },
    "fzstd@0.1.1": {
      "integrity": "sha512-dkuVSOKKwh3eas5VkJy1AW1vFpet8TA/fGmVA5krThl8YcOVE/8ZIoEA1+U1vEn5ckxxhLirSdY837azmbaNHA=="
    },
    "undici-types@6.21.0": {
      "integrity": "sha512-iwDZqg0QAGrg9Rav5H4n0M64c3mkR59cJ6wQp+7C4nI0gsmExaedaYLNO44eT4AtBBwjbTiGPMlt2Md0T9H9JQ=="
    },
    "ws@8.18.1": {
      "integrity": "sha512-RKW2aJZMXeMxVpnZ6bck+RswznaxmzdULiBr6KY7XkTnW8uvt0iT9H5DkHUChXrc+uurzwa0rVI16n/Xzjdz1w=="
    }
  },
  "redirects": {
    "https://deno.land/x/base64/base64url.ts": "https://deno.land/x/base64@v0.2.1/base64url.ts",
    "https://esm.sh/@logtail/browser@^0.4.3?target=denonext": "https://esm.sh/@logtail/browser@0.4.21?target=denonext",
    "https://esm.sh/@logtail/core@^0.4.21?target=denonext": "https://esm.sh/@logtail/core@0.4.21?target=denonext",
    "https://esm.sh/@logtail/node@^0.4.3?target=denonext": "https://esm.sh/@logtail/node@0.4.21?target=denonext",
    "https://esm.sh/@logtail/tools@^0.4.21?target=denonext": "https://esm.sh/@logtail/tools@0.4.21?target=denonext",
    "https://esm.sh/@logtail/types@^0.4.20?target=denonext": "https://esm.sh/@logtail/types@0.4.20?target=denonext",
    "https://esm.sh/@msgpack/msgpack@^2.5.1?target=denonext": "https://esm.sh/@msgpack/msgpack@2.8.0?target=denonext",
    "https://esm.sh/@types/stack-trace@~0.0.33/index.d.ts": "https://esm.sh/@types/stack-trace@0.0.33/index.d.ts",
    "https://esm.sh/serialize-error@^8.1.0?target=denonext": "https://esm.sh/serialize-error@8.1.0?target=denonext",
    "https://esm.sh/stack-trace@^0.0.10?target=denonext": "https://esm.sh/stack-trace@0.0.10?target=denonext"
  },
  "remote": {
    "https://deno.land/std@0.150.0/media_types/_util.ts": "ce9b4fc4ba1c447dafab619055e20fd88236ca6bdd7834a21f98bd193c3fbfa1",
    "https://deno.land/std@0.150.0/media_types/mod.ts": "2d4b6f32a087029272dc59e0a55ae3cc4d1b27b794ccf528e94b1925795b3118",
    "https://deno.land/std@0.150.0/media_types/vendor/mime-db.v1.52.0.ts": "724cee25fa40f1a52d3937d6b4fbbfdd7791ff55e1b7ac08d9319d5632c7f5af",
    "https://deno.land/x/base64@v0.2.1/base.ts": "47dc8d68f07dc91524bdd6db36eccbe59cf4d935b5fc09f27357a3944bb3ff7b",
    "https://deno.land/x/base64@v0.2.1/base64url.ts": "18bbf879b31f1f32cca8adaa2b6885ae325c2cec6a66c5817b684ca12c46ad5e",
    "https://deno.land/x/sha1@v1.0.3/deps.ts": "2e1af51a48c8507017fdb057b950366601b177fb7e73d5de54c1b3e0e115d72e",
    "https://deno.land/x/sha1@v1.0.3/mod.ts": "146a101c9776cc9c807053c93f23e4b321ade5251f65745df418f4a75d5fd27b",
    "https://deno.land/x/upstash_redis@v1.14.0/mod.ts": "9163f1863d4625642f64b0ea14c3ed733bee5f7f277baac0ae10d4e9e5402c9c",
    "https://deno.land/x/upstash_redis@v1.14.0/pkg/commands/append.ts": "7c1612a3a5543926afb8dd3ca8086e5d7ef5c3dcbda0ca30eb720259e707f651",
    "https://deno.land/x/upstash_redis@v1.14.0/pkg/commands/bitcount.ts": "8efbd9bfa25a58daf0773adaf00f7ae2c6a7a6a621f11158c53bcfe88d12b255",
    "https://deno.land/x/upstash_redis@v1.14.0/pkg/commands/bitop.ts": "dcaa11a96429b0fb5595a63967f7e8751683785a0baba87d7aa027df03fcd06e",
    "https://deno.land/x/upstash_redis@v1.14.0/pkg/commands/bitpos.ts": "2c74aa14054407f66a12764f9cd2a3ca16a5d4f4f59c70815274362c015aa428",
    "https://deno.land/x/upstash_redis@v1.14.0/pkg/commands/command.ts": "7447816c249ca1be25a542d39bb24b90023ed7acaf91cc47a7f86ed0f055255a",
    "https://deno.land/x/upstash_redis@v1.14.0/pkg/commands/dbsize.ts": "7509e8630675755e82d7294a556466f1b36cb3caf3829f836b25cdb7cf95e404",
    "https://deno.land/x/upstash_redis@v1.14.0/pkg/commands/decr.ts": "3ee6c714f01b12f9fa9bd755d99b098f7c7b42c50ff1589e6c47ccb720fef3c2",
    "https://deno.land/x/upstash_redis@v1.14.0/pkg/commands/decrby.ts": "1abe00bb7a8f935413dd3a5030d94df1761cd44c0bcffa5caa641f8e32d0961f",
    "https://deno.land/x/upstash_redis@v1.14.0/pkg/commands/del.ts": "898bf42c3f758bae1d3d2a9d9ac82e1fdfdf72179caa65fd8c42ebe191db6cea",
    "https://deno.land/x/upstash_redis@v1.14.0/pkg/commands/echo.ts": "8bcb79701c8fe9439c2fd92f0a83d5db663c8e084da65c8cbb851a071b8c8bb6",
    "https://deno.land/x/upstash_redis@v1.14.0/pkg/commands/eval.ts": "99d740003e7769e26f5511896f65a57ee4c987ec875b744cefe1f2522cfd2c05",
    "https://deno.land/x/upstash_redis@v1.14.0/pkg/commands/evalsha.ts": "da213bf79e83b6895dc8805dc033e00fa357f95728fef87ab7e066d0aa0683d3",
    "https://deno.land/x/upstash_redis@v1.14.0/pkg/commands/exists.ts": "96310238f26a8569a0100a36f2dc2bc60de371736fe723809ceb4c49c8a6cc74",
    "https://deno.land/x/upstash_redis@v1.14.0/pkg/commands/expire.ts": "f9ea57ea9e3c801c1f628d74f55337cf04f9184c8f3e75f55528dee29c881fad",
    "https://deno.land/x/upstash_redis@v1.14.0/pkg/commands/expireat.ts": "ec738e5cca59c56b0d43e564ef16951cdda963b4849850ced1df3ba62596994c",
    "https://deno.land/x/upstash_redis@v1.14.0/pkg/commands/flushall.ts": "365876a9cfe254286da033f275ac4a0d11349c96cacd1461f0d3c23b07957ac6",
    "https://deno.land/x/upstash_redis@v1.14.0/pkg/commands/flushdb.ts": "369e628d24ce41ba6c0518a955c48e2a9359dd4b831d7211fc8d0621ccfc0af7",
    "https://deno.land/x/upstash_redis@v1.14.0/pkg/commands/get.ts": "ef4968bc57ffc5826d178f56bdade982b6d93ab875d2bb516363beefef52fc59",
    "https://deno.land/x/upstash_redis@v1.14.0/pkg/commands/getbit.ts": "c29aec972672a1827796a2b4419ccc5b91d8d080fd237eb2b1cc4cdd88d2967b",
    "https://deno.land/x/upstash_redis@v1.14.0/pkg/commands/getrange.ts": "65deab3bd5ea316693fb966912ba4a1114c619c2a1d00b72599e40c532456481",
    "https://deno.land/x/upstash_redis@v1.14.0/pkg/commands/getset.ts": "df7ded3779f9faf329c2023097db901302aaeece7bde0691ae61ea1daf967b39",
    "https://deno.land/x/upstash_redis@v1.14.0/pkg/commands/hdel.ts": "e777b005f41ee3078593dddf89d72275af7a66050fcc7ed93221caffd9a71810",
    "https://deno.land/x/upstash_redis@v1.14.0/pkg/commands/hexists.ts": "4f96fcdf8b15a982922b6bf9cfa9fc891582b5da9b0eb9d92a9eb13594c99048",
    "https://deno.land/x/upstash_redis@v1.14.0/pkg/commands/hget.ts": "5566c8e0a0f9ecdb9e65a66cfc740d224c90d9a172558361abc180c1dc2e9522",
    "https://deno.land/x/upstash_redis@v1.14.0/pkg/commands/hgetall.ts": "30afa99cd224b808813e7aec0be00828eef91c6a9aa2af346aa1cd85fc0dbc11",
    "https://deno.land/x/upstash_redis@v1.14.0/pkg/commands/hincrby.ts": "d112a0bf6de6ee49ef43053687f263b300cd6ff8da999299b423906ce9e06b3c",
    "https://deno.land/x/upstash_redis@v1.14.0/pkg/commands/hincrbyfloat.ts": "e22c06c24fbaa51849938e65e89daca9e77a95229154c1a99a9514124ad057ef",
    "https://deno.land/x/upstash_redis@v1.14.0/pkg/commands/hkeys.ts": "516edcd187a3d5387201db43adacfe029fe87d687224e46d3fa5694fd01c07ba",
    "https://deno.land/x/upstash_redis@v1.14.0/pkg/commands/hlen.ts": "2b1e8c671706e32f83246cf94e828e5e6d8c3c39373ce4c27fee41bc3b239bc1",
    "https://deno.land/x/upstash_redis@v1.14.0/pkg/commands/hmget.ts": "2ee9bfe03982411fb0b1f58be7332b44afe38906c3e9d90ac35ba2e0e14ac8ec",
    "https://deno.land/x/upstash_redis@v1.14.0/pkg/commands/hmset.ts": "c9388d874f8825be5b3f2c991b46686b942df35b6abd39bcdb2a829c6348f905",
    "https://deno.land/x/upstash_redis@v1.14.0/pkg/commands/hscan.ts": "5297cf93d7231494456fcd0318fbea916aa7338dc19d442a787426834390e5c0",
    "https://deno.land/x/upstash_redis@v1.14.0/pkg/commands/hset.ts": "ebb77f26c642ea9791402c08aaf8149e66f035122b971bcb07de403187e95291",
    "https://deno.land/x/upstash_redis@v1.14.0/pkg/commands/hsetnx.ts": "4e51c84029d748cd56374d02b6fadb58b372b6274723c89505454c874a4a764c",
    "https://deno.land/x/upstash_redis@v1.14.0/pkg/commands/hstrlen.ts": "9fd3e3ff9dda9fd1592f24c08e30224f905a76de057099d848dd1c5e7c3fdc3d",
    "https://deno.land/x/upstash_redis@v1.14.0/pkg/commands/hvals.ts": "a8dc9595641af7aa9eabdeab2b4dc6d08ce6de28491c44d0154f547fbea0a212",
    "https://deno.land/x/upstash_redis@v1.14.0/pkg/commands/incr.ts": "1cdbddd6d29bec792f0ba8f435cbdced660d7f23d87a444c850e5d4c400cc398",
    "https://deno.land/x/upstash_redis@v1.14.0/pkg/commands/incrby.ts": "ccbaae06a96987ddeba48ac999e3274c63f37fc5d2ee8de4780c8845b3829a55",
    "https://deno.land/x/upstash_redis@v1.14.0/pkg/commands/incrbyfloat.ts": "07e87c6ca61dfb5220df723f8f6d442a7b0878586bf765914f45998269432e5d",
    "https://deno.land/x/upstash_redis@v1.14.0/pkg/commands/keys.ts": "36dd4074c17d59b8913679d881f9ef0a9d64be5843b4ddcd9633f9c22f1ad5e3",
    "https://deno.land/x/upstash_redis@v1.14.0/pkg/commands/lindex.ts": "19fdf660c92984aff4c3e8c50f2b7a6b92430d6ba79822ecb8c21de534f4aafa",
    "https://deno.land/x/upstash_redis@v1.14.0/pkg/commands/linsert.ts": "1792c369262f6145fbb99a91d047ce01a07dccad07962b4a4e34f4b818669ca9",
    "https://deno.land/x/upstash_redis@v1.14.0/pkg/commands/llen.ts": "0c82404707e01288e1fd347a92b245b07cdb4f6d9f1ccdc653d61df78e493104",
    "https://deno.land/x/upstash_redis@v1.14.0/pkg/commands/lpop.ts": "36d61a02a1658ed86fc966d314afab3690b8e4275fdc6229694fc9c8def0313e",
    "https://deno.land/x/upstash_redis@v1.14.0/pkg/commands/lpos.ts": "62bf0b311b74f5284f00fe31e8374f6f3b9b4ec8a868309bbb7787c952251744",
    "https://deno.land/x/upstash_redis@v1.14.0/pkg/commands/lpush.ts": "77da2034c6f2143604cea38ea6cc1248564cb9d65b727f0b140ae51dea18088f",
    "https://deno.land/x/upstash_redis@v1.14.0/pkg/commands/lpushx.ts": "cc12838b65ec8940c52a6a1677baa49716a4246d70284cb2e5fd50f6896caa34",
    "https://deno.land/x/upstash_redis@v1.14.0/pkg/commands/lrange.ts": "05c3315fd9c5f587a66176e64ad73b627f2ac16e06fc680fd357cd1684c538f6",
    "https://deno.land/x/upstash_redis@v1.14.0/pkg/commands/lrem.ts": "17979b4b14d5f76f2f4165ab1f5fd5ea9ad57f8c537f0994b5306553f4955a10",
    "https://deno.land/x/upstash_redis@v1.14.0/pkg/commands/lset.ts": "b4bf2d63090082a37b5f07f7b1a84e13315c286a90b673ac9877f97b94dc3af4",
    "https://deno.land/x/upstash_redis@v1.14.0/pkg/commands/ltrim.ts": "645ed938098b8bdea5511edb10961fdd174b85876fb912f6dc5f01dca83721e0",
    "https://deno.land/x/upstash_redis@v1.14.0/pkg/commands/mget.ts": "1c3d158b324528bf297df2e3569038d5ab3f2a2c5725c37fffe8e9f52aee0e40",
    "https://deno.land/x/upstash_redis@v1.14.0/pkg/commands/mod.ts": "f7666e6ee9765922dcb55e24f5c9323b837050b70f8efd0c6e31f563c5267b56",
    "https://deno.land/x/upstash_redis@v1.14.0/pkg/commands/mset.ts": "1bd2071ff2c1300469c5052fe22482a528e9486770adce358842f9e63631bbba",
    "https://deno.land/x/upstash_redis@v1.14.0/pkg/commands/msetnx.ts": "c444321245e5e8380834646d032d819036f0cdfc4a4cf21e1f7ef13375994e37",
    "https://deno.land/x/upstash_redis@v1.14.0/pkg/commands/persist.ts": "8b2084e4f463e35c6a73a95f62109c3c7e04771cf2ee5a7fbd0591f79bd220f6",
    "https://deno.land/x/upstash_redis@v1.14.0/pkg/commands/pexpire.ts": "9671f8fc89d3a435adf51fefd1b3dec2c646399da11ddbe8a071c8967236c682",
    "https://deno.land/x/upstash_redis@v1.14.0/pkg/commands/pexpireat.ts": "102acd28e00ade7cdaecd71cbffb9f3898973e0341ac9ae4e75baa8aa413e656",
    "https://deno.land/x/upstash_redis@v1.14.0/pkg/commands/ping.ts": "c2a3bdacbdd2bbd67490e434f4ef705dd230d0ee1b7362491ee8fcf331c88d5e",
    "https://deno.land/x/upstash_redis@v1.14.0/pkg/commands/psetex.ts": "3d5f50d81f18fedf2972b9faeefc955e770500102f6670616bcae72aeea7e6bc",
    "https://deno.land/x/upstash_redis@v1.14.0/pkg/commands/pttl.ts": "1dc04eebde6a97fe3ab1fa5a21f70fbbf20d0587275b55c67d84176020f0c53a",
    "https://deno.land/x/upstash_redis@v1.14.0/pkg/commands/publish.ts": "e736798115caf72cdf7bde9f4aad0a65bb1c63097956f9877b521df16aeac473",
    "https://deno.land/x/upstash_redis@v1.14.0/pkg/commands/randomkey.ts": "ef02967dd2b2cfcfe9842850b840c4bd02af5ee1938d98d97ef8d751d0223f06",
    "https://deno.land/x/upstash_redis@v1.14.0/pkg/commands/rename.ts": "57ea600f060cbf73220afcb413097e5b022315c991417602980a5907d696bec9",
    "https://deno.land/x/upstash_redis@v1.14.0/pkg/commands/renamenx.ts": "63873b5add504aeb469df82bca2603d5077e12a9258ea43434047bd5daba763e",
    "https://deno.land/x/upstash_redis@v1.14.0/pkg/commands/rpop.ts": "05f54a6f69a5b646b467bf6ecce6832807a586ba448ccf5b438b5c286dff3bc7",
    "https://deno.land/x/upstash_redis@v1.14.0/pkg/commands/rpush.ts": "ccf283281faba2107a467121445edec7d117132b0899b6d4a4dd5079cf83d80a",
    "https://deno.land/x/upstash_redis@v1.14.0/pkg/commands/rpushx.ts": "08d3ac8e377dd7792cb7a5591dea5d3464608ecabaa3760d8950f77fc60dbdd4",
    "https://deno.land/x/upstash_redis@v1.14.0/pkg/commands/sadd.ts": "8242a9d4e34e2f2fe7e6032e7eee5ced4c724aeb2597c5e431d568a6426a9ada",
    "https://deno.land/x/upstash_redis@v1.14.0/pkg/commands/scan.ts": "d8eed51a34134190e90c3b77bfbf807cbb1080273ac1028f81beea5dadc2d6d8",
    "https://deno.land/x/upstash_redis@v1.14.0/pkg/commands/scard.ts": "c0cd0a9560e729dde42c9370bedbbcabe8beb559dcdab37c712e990ad1ab6f47",
    "https://deno.land/x/upstash_redis@v1.14.0/pkg/commands/script_exists.ts": "ec34a802ad8ccccecd149acbd5fce8e83299eb867b27a832ae32590dc877dc18",
    "https://deno.land/x/upstash_redis@v1.14.0/pkg/commands/script_flush.ts": "c88cd9df52cc3e7f5039d5c2739b6d7137087407e1ad992513cd5794f69bc528",
    "https://deno.land/x/upstash_redis@v1.14.0/pkg/commands/script_load.ts": "2bb0eddfe4c0a0d49efce6ed62318e9ee1482d8f31905b43c91981e2c02cf557",
    "https://deno.land/x/upstash_redis@v1.14.0/pkg/commands/sdiff.ts": "9caca14e5d21c2fca58b724735b69ac4c0ebafadbda4402bff5e78bf7ebdd97d",
    "https://deno.land/x/upstash_redis@v1.14.0/pkg/commands/sdiffstore.ts": "f02b0280dfc2671fa630cceacfddf8c4fd67d0577f9616e43f5ce538228e21db",
    "https://deno.land/x/upstash_redis@v1.14.0/pkg/commands/set.ts": "10630826a4ec10d24b8ef867e3d817d671111b5999bac5df0683f26677b8070b",
    "https://deno.land/x/upstash_redis@v1.14.0/pkg/commands/setbit.ts": "7e1dfa1f29e50412c742e862d560e953010212d3e0d6f1ff5f6829f111255ee6",
    "https://deno.land/x/upstash_redis@v1.14.0/pkg/commands/setex.ts": "a4bb2007a6f6d43b1d207680e8cb40a9d1eedeff1188755a1a9937a510bad4e2",
    "https://deno.land/x/upstash_redis@v1.14.0/pkg/commands/setnx.ts": "c4a0ae9ea88a3c9e3576863221cee1f5974c1e86f20701b0df7483b78d8dda1d",
    "https://deno.land/x/upstash_redis@v1.14.0/pkg/commands/setrange.ts": "d5598d0e8f0d901d09293dc3cdd934827b07173d1b3617fafa5e9fb79dad19a5",
    "https://deno.land/x/upstash_redis@v1.14.0/pkg/commands/sinter.ts": "8e650a63534e9ecdf0b94e11666fe37e6e8b66184a7a96bfb7f25375b794899d",
    "https://deno.land/x/upstash_redis@v1.14.0/pkg/commands/sinterstore.ts": "60b04d306de90048c11f50851725d3398735ba918dfcb965e52546f174ba9b29",
    "https://deno.land/x/upstash_redis@v1.14.0/pkg/commands/sismember.ts": "dcaeb0422ef38d02793c3680950dafcbcf3a935130c9923b0bf62d80d7db604c",
    "https://deno.land/x/upstash_redis@v1.14.0/pkg/commands/smembers.ts": "94d8a2e5ffdb32ea73b46a93ae85d91b94d97766ceed92f0ed6264f3d11cf082",
    "https://deno.land/x/upstash_redis@v1.14.0/pkg/commands/smove.ts": "64d7c5b8d4d4f17cb10e0aa024b371dbe59c22f96248388bdc63411fbc093106",
    "https://deno.land/x/upstash_redis@v1.14.0/pkg/commands/spop.ts": "96cdec492f2ad652c6eb50bf4f838aba1247c12dc641ca63aa1c7af9a1caa464",
    "https://deno.land/x/upstash_redis@v1.14.0/pkg/commands/srandmember.ts": "e429f6f96e00f8cc19fbeed53cebe52740f0417d7b15ec2ed1f20a9ecb51c043",
    "https://deno.land/x/upstash_redis@v1.14.0/pkg/commands/srem.ts": "0b3f22a1f68739aaec4e7eb24d4c4a0a21a20e76169abe5d12e8c414dc612203",
    "https://deno.land/x/upstash_redis@v1.14.0/pkg/commands/sscan.ts": "2d9980294af9e7533d071ac5cc681a4353be6f6d44a08f543eaba014fe6fb0d1",
    "https://deno.land/x/upstash_redis@v1.14.0/pkg/commands/strlen.ts": "c4473211982ab1928be97a0508355c938d85c5e407eb50c031cf60222ed76748",
    "https://deno.land/x/upstash_redis@v1.14.0/pkg/commands/sunion.ts": "17288149935bb1d5d5ee2a573316f8548279b2f40fc489e21f0d7b67165b3de9",
    "https://deno.land/x/upstash_redis@v1.14.0/pkg/commands/sunionstore.ts": "e1fd559d77ee55045f449a70c16b64d51a76c39dd91cca5acb08b3674804fd65",
    "https://deno.land/x/upstash_redis@v1.14.0/pkg/commands/time.ts": "a9369529c7f90dad581399729756833e07aa021113c81e884728b1d88180c42b",
    "https://deno.land/x/upstash_redis@v1.14.0/pkg/commands/touch.ts": "de30108091d443f1d839784068a24e23a31cfa2849bb2830ae880637cd6c6bee",
    "https://deno.land/x/upstash_redis@v1.14.0/pkg/commands/ttl.ts": "59c6bb55279eeca818ded3b064a4468c207dc20a9bb1adf041a7641db25cf2bf",
    "https://deno.land/x/upstash_redis@v1.14.0/pkg/commands/type.ts": "45f6a2cf5bef44067d85d399dbe996d519797dad91b125b592082adb0cd21346",
    "https://deno.land/x/upstash_redis@v1.14.0/pkg/commands/unlink.ts": "8e4f798f269e1d90b09cd651e6bb7299d73ac0851b63d528bd1977415eae66a7",
    "https://deno.land/x/upstash_redis@v1.14.0/pkg/commands/zadd.ts": "81b17c7f0b640b8bcbb6151e5753ed1b8d56bafd13be171c608bafcfaa6e6041",
    "https://deno.land/x/upstash_redis@v1.14.0/pkg/commands/zcard.ts": "aabcb2807530ca78b4e5209d2d438ec5ed63b4a2024d6f62fe7cc5447816c2f2",
    "https://deno.land/x/upstash_redis@v1.14.0/pkg/commands/zcount.ts": "ad88591dcefc8bcaa24f32dbcfff35f82a61ccd36a562429b3ff8216ac754146",
    "https://deno.land/x/upstash_redis@v1.14.0/pkg/commands/zincrby.ts": "e58e72348f27cad636320a76a6461b6e7708c990027b8709b3a7ac84120617be",
    "https://deno.land/x/upstash_redis@v1.14.0/pkg/commands/zinterstore.ts": "6fb94390fb902e74dbc577a614d7e315e13d5c47309675b938fdb323f7cca06f",
    "https://deno.land/x/upstash_redis@v1.14.0/pkg/commands/zlexcount.ts": "ced0b60c255f81008ddb7a8ae75d55493035ac37050fba681e416e723c3ceadc",
    "https://deno.land/x/upstash_redis@v1.14.0/pkg/commands/zmscore.ts": "ac8162797d0d35f0a72651b3db953cfbb2f56cccc911d42934c8e7cd66d12d11",
    "https://deno.land/x/upstash_redis@v1.14.0/pkg/commands/zpopmax.ts": "3367e079bc3e07a0e6f7eda43ec52a1929e287a1e261cf5c63df32f275b9b567",
    "https://deno.land/x/upstash_redis@v1.14.0/pkg/commands/zpopmin.ts": "b8998941e29ebe7a5e9b2df43faabffe9126f7a3682debe34c92b2cb0190e6a3",
    "https://deno.land/x/upstash_redis@v1.14.0/pkg/commands/zrange.ts": "2015b8243d14470b7f6e24f6da300a6059526d14a337593328deaa080af51cd5",
    "https://deno.land/x/upstash_redis@v1.14.0/pkg/commands/zrank.ts": "a5010f33b3b18f6d28fda1b45275840f11b31d162e8ffca5cb60785fc15c9b38",
    "https://deno.land/x/upstash_redis@v1.14.0/pkg/commands/zrem.ts": "d5fa92243158fe1c0ddd161d7aef7c4fab3d6d2180dc6e478d8a423aac0078da",
    "https://deno.land/x/upstash_redis@v1.14.0/pkg/commands/zremrangebylex.ts": "0c023863bd770f842150ea3218b391e9317c1edcd3ebb22a610fbcb71797aa81",
    "https://deno.land/x/upstash_redis@v1.14.0/pkg/commands/zremrangebyrank.ts": "44a08191c50edd38d83e025a83cea4ac8e240981aa7a7e24f9a2931f5a380d6c",
    "https://deno.land/x/upstash_redis@v1.14.0/pkg/commands/zremrangebyscore.ts": "20d5c9f19b2bd67b84790ebb83092541318b16701623d9787c60f24db92b71ff",
    "https://deno.land/x/upstash_redis@v1.14.0/pkg/commands/zrevrank.ts": "55a50470a8c089e61325d16a8cd42ea376c1fb4857df5ea4b1a2d8fb5e328a32",
    "https://deno.land/x/upstash_redis@v1.14.0/pkg/commands/zscan.ts": "eab7069ba31cb8b24df3db139b4f8899af0342ea43327463608ef4e92cd06fdf",
    "https://deno.land/x/upstash_redis@v1.14.0/pkg/commands/zscore.ts": "1977f586cbc9374dda8d4ad790c7b3c0a34cbde6d91cf6a7e5b064ed030a77ad",
    "https://deno.land/x/upstash_redis@v1.14.0/pkg/commands/zunionstore.ts": "67393ede82edfe0708ad9f2eb8ef78a1e3099ee7365f9925ce22097e465452cb",
    "https://deno.land/x/upstash_redis@v1.14.0/pkg/error.ts": "17c357eab8dca7700286355581e395d64f454bd5c478444f12be273d8a3e5ffe",
    "https://deno.land/x/upstash_redis@v1.14.0/pkg/http.ts": "a4c19363adb3847aafbd598cb70c8f7e5be2ad80ddd666034c65d213df1ec87b",
    "https://deno.land/x/upstash_redis@v1.14.0/pkg/pipeline.ts": "1495c1b103e5a8d3edc0f6f6756c1aa0e3977c6335a2c5ea6ccb7d5dbfea11fc",
    "https://deno.land/x/upstash_redis@v1.14.0/pkg/redis.ts": "1796a21af356648ae0642d2f2ef75213db58572c9d3e5c935acf602a5d0e40af",
    "https://deno.land/x/upstash_redis@v1.14.0/pkg/script.ts": "4f7510a8511b9cc4fe63d8c14e381bd753cc2b296d88904c6c0e1bb950b31a4e",
    "https://deno.land/x/upstash_redis@v1.14.0/pkg/types.ts": "d5b2844744b35d87495175c176a24ba8edb039aadf2b5f65dfe80d822e4e37e3",
    "https://deno.land/x/upstash_redis@v1.14.0/pkg/util.ts": "bda4f5eb90ff82d2443ec8908a376079a44af328ee64390d2e5ee7687a171556",
    "https://deno.land/x/xhr@0.3.0/mod.ts": "094aacd627fd9635cd942053bf8032b5223b909858fa9dc8ffa583752ff63b20",
    "https://denopkg.com/chiefbiiko/std-encoding@v1.0.0/mod.ts": "4a927e5cd1d9b080d72881eb285b3b94edb6dadc1828aeb194117645f4481ac0",
    "https://esm.sh/@logtail/browser@0.4.21/denonext/browser.mjs": "97f912e3569f1a0691de98edd9d0886c87e654da01c48221a517f9cc52f7fdc5",
    "https://esm.sh/@logtail/browser@0.4.21?target=denonext": "7a5317914d646faf068a0065af22c54c31b68cc706c5a59f76766a171f616b6e",
    "https://esm.sh/@logtail/core@0.4.21/denonext/core.mjs": "b2e9e7e021a7bda64567b7da0e13eab7a58901ea914db77914ffef908a6680f1",
    "https://esm.sh/@logtail/core@0.4.21?target=denonext": "3f236290530d643d4d5bab3b3ca92e1bb23f2ec6850e01432c08a1bd857178c4",
    "https://esm.sh/@logtail/js@0.4.3": "c0128ebac07ff62f662d280cf92787480ab6f81d4faebde999f60003b37decc4",
    "https://esm.sh/@logtail/js@0.4.3/denonext/js.mjs": "a31ecaae5742ac37f29da9ce3b57a384a25c0abdbd2a58b4154f1851cd0fdc2c",
    "https://esm.sh/@logtail/node@0.4.21/denonext/node.mjs": "b28d47d176f905f237c852b84695062eb10eace86e44f6fe97fbd691d6bf000d",
    "https://esm.sh/@logtail/node@0.4.21?target=denonext": "500b260cc526c537088f51148e64a2e7fdbcebc6a7c6b2312ee5b20b22f90462",
    "https://esm.sh/@logtail/tools@0.4.21/denonext/tools.mjs": "d209e7a782b13dd429fa4a50ee252cd452649543353cd1bee2d947080a343954",
    "https://esm.sh/@logtail/tools@0.4.21?target=denonext": "2e8e3a5de6bb021809a74bcbcc0cd49521936c5c25ccf81b9a69032b21a5a9d1",
    "https://esm.sh/@logtail/types@0.4.20/denonext/types.mjs": "f177a97a475e85ceb6751e65f4341a14215a65d98efe21b937516977f398a61a",
    "https://esm.sh/@logtail/types@0.4.20?target=denonext": "55259bf7af935371712e139b9897a57a9569b5e2ec91c1517f5259aa985f26cf",
    "https://esm.sh/@msgpack/msgpack@2.8.0/denonext/msgpack.mjs": "9a0bdf5630179470147dd8f83c85079c908d5b96c5af42a4245be0ddb1c276f6",
    "https://esm.sh/@msgpack/msgpack@2.8.0?target=denonext": "cfb12fb3e876cff37bfb447ef6d1595b8ae97c42cbdc6c3c46f43380176f2f7f",
    "https://esm.sh/cross-fetch@3.2.0/denonext/polyfill.mjs": "32ebde9ea979ba0413bc83327bf73e669907bb58e0fe79d45ed5fb5b91c9fe36",
    "https://esm.sh/cross-fetch@3.2.0/polyfill": "07dad1caba5c1028dca43171fbf112b1ed3c776a729d312632342e43c5a15be5",
    "https://esm.sh/serialize-error@8.1.0/denonext/serialize-error.mjs": "9b4ec350b8df46678570e9a5396611badbee5930b76df67dff20454728ccbaee",
    "https://esm.sh/serialize-error@8.1.0?target=denonext": "0202e9494ffbd66cc733f4a956422e8a6a994f69c4230cce00339edd69683254",
    "https://esm.sh/stack-trace@0.0.10/denonext/stack-trace.mjs": "30a18c3bf7ffd96844f372f26248b1081da4ed58d0c46f9f043009e913c096fa",
    "https://esm.sh/stack-trace@0.0.10?target=denonext": "a16a08fb6fa78aeea029d8cc704ad00f0120bfae5e7fdb4f115e48e83af28c58"
  },
  "workspace": {
    "dependencies": [
      "jsr:@openai/openai@5.9.0",
      "npm:@anthropic-ai/sdk@0.53",
      "npm:@discordeno/bot@21.0.0"
    ]
  }
}
